
Microsoft Visual Studio Solution File, Format Version 12.00
# Visual Studio 2015
Project("{FAE04EC0-301F-11D3-BF4B-00C04F79EFBC}") = "Kursovaya RAD", "Kursovaya RAD.csproj", "{1A2F4E28-BC31-EDBB-4F79-2A5E6B5BF742}"
EndProject
Global
	GlobalSection(SolutionConfigurationPlatforms) = preSolution
		Debug|Any CPU = Debug|Any CPU
		Release|Any CPU = Release|Any CPU
	EndGlobalSection
	GlobalSection(ProjectConfigurationPlatforms) = postSolution
		{1A2F4E28-BC31-EDBB-4F79-2A5E6B5BF742}.Debug|Any CPU.ActiveCfg = Debug|Any CPU
		{1A2F4E28-BC31-EDBB-4F79-2A5E6B5BF742}.Debug|Any CPU.Build.0 = Debug|Any CPU
		{1A2F4E28-BC31-EDBB-4F79-2A5E6B5BF742}.Release|Any CPU.ActiveCfg = Release|Any CPU
		{1A2F4E28-BC31-EDBB-4F79-2A5E6B5BF742}.Release|Any CPU.Build.0 = Release|Any CPU
	EndGlobalSection
	GlobalSection(SolutionProperties) = preSolution
		HideSolutionNode = FALSE
	EndGlobalSection
EndGlobal
